dependencies:
- name: kube-prometheus-stack
  repository: https://prometheus-community.github.io/helm-charts
  version: 40.0.0
- name: prometheus-adapter
  repository: https://prometheus-community.github.io/helm-charts
  version: 3.4.0
- name: rabbitmq
  repository: https://charts.bitnami.com/bitnami
  version: 10.3.5
- name: prometheus-rabbitmq-exporter
  repository: https://prometheus-community.github.io/helm-charts
  version: 1.3.0
- name: keda
  repository: https://kedacore.github.io/charts
  version: 2.8.2
digest: sha256:f8788443dddd458614bb76db9dd6832c62c4bdf7b9d48aa07a5d3ccc08fa00c9
generated: "2022-09-14T20:15:50.404697882+02:00"
