dependencies:
- name: kube-prometheus-stack
  repository: https://prometheus-community.github.io/helm-charts
  version: 68.4.5
- name: prometheus-adapter
  repository: https://prometheus-community.github.io/helm-charts
  version: 4.11.0
- name: rabbitmq
  repository: https://charts.bitnami.com/bitnami
  version: 15.2.5
- name: prometheus-rabbitmq-exporter
  repository: https://prometheus-community.github.io/helm-charts
  version: 1.13.0
- name: keda
  repository: https://kedacore.github.io/charts
  version: 2.16.1
digest: sha256:fc398c8ebe86651caac6cbdd6ee063ec99352af6889d92e5310defb0aa54c9eb
generated: "2025-02-04T18:35:48.686752526+01:00"
